
Microsoft Visual Studio Solution File, Format Version 12.00
# Visual Studio Version 16
VisualStudioVersion = 16.0.30413.136
MinimumVisualStudioVersion = 10.0.40219.1
Project("{FAE04EC0-301F-11D3-BF4B-00C04F79EFBC}") = "Expresiones_regulares_video_70", "Expresiones_regulares_video_70\Expresiones_regulares_video_70.csproj", "{833AF05E-2F0A-4343-B364-F931772EAA74}"
EndProject
Global
	GlobalSection(SolutionConfigurationPlatforms) = preSolution
		Debug|Any CPU = Debug|Any CPU
		Release|Any CPU = Release|Any CPU
	EndGlobalSection
	GlobalSection(ProjectConfigurationPlatforms) = postSolution
		{833AF05E-2F0A-4343-B364-F931772EAA74}.Debug|Any CPU.ActiveCfg = Debug|Any CPU
		{833AF05E-2F0A-4343-B364-F931772EAA74}.Debug|Any CPU.Build.0 = Debug|Any CPU
		{833AF05E-2F0A-4343-B364-F931772EAA74}.Release|Any CPU.ActiveCfg = Release|Any CPU
		{833AF05E-2F0A-4343-B364-F931772EAA74}.Release|Any CPU.Build.0 = Release|Any CPU
	EndGlobalSection
	GlobalSection(SolutionProperties) = preSolution
		HideSolutionNode = FALSE
	EndGlobalSection
	GlobalSection(ExtensibilityGlobals) = postSolution
		SolutionGuid = {ED6D2088-AD5D-4964-ABA8-D8C41DE5402B}
	EndGlobalSection
EndGlobal
